
Microsoft Visual Studio Solution File, Format Version 12.00
# Visual Studio Version 17
VisualStudioVersion = 17.9.34728.123
MinimumVisualStudioVersion = 10.0.40219.1
Project("{FAE04EC0-301F-11D3-BF4B-00C04F79EFBC}") = "FreshCart.Data", "FreshCart.Data\FreshCart.Data.csproj", "{612535E8-D387-488E-9C72-0BF616036A73}"
EndProject
Project("{FAE04EC0-301F-11D3-BF4B-00C04F79EFBC}") = "FreshCart.Business", "FreshCart.Business\FreshCart.Business.csproj", "{236FAB93-9EEF-4719-AFA0-38E0321AE8DA}"
EndProject
Project("{FAE04EC0-301F-11D3-BF4B-00C04F79EFBC}") = "FreshCart.Api", "FreshCart.Api\FreshCart.Api.csproj", "{3B73EBE4-3C4B-4895-ABBE-5EB9E05BEED7}"
EndProject
Global
	GlobalSection(SolutionConfigurationPlatforms) = preSolution
		Debug|Any CPU = Debug|Any CPU
		Release|Any CPU = Release|Any CPU
	EndGlobalSection
	GlobalSection(ProjectConfigurationPlatforms) = postSolution
		{612535E8-D387-488E-9C72-0BF616036A73}.Debug|Any CPU.ActiveCfg = Debug|Any CPU
		{612535E8-D387-488E-9C72-0BF616036A73}.Debug|Any CPU.Build.0 = Debug|Any CPU
		{612535E8-D387-488E-9C72-0BF616036A73}.Release|Any CPU.ActiveCfg = Release|Any CPU
		{612535E8-D387-488E-9C72-0BF616036A73}.Release|Any CPU.Build.0 = Release|Any CPU
		{236FAB93-9EEF-4719-AFA0-38E0321AE8DA}.Debug|Any CPU.ActiveCfg = Debug|Any CPU
		{236FAB93-9EEF-4719-AFA0-38E0321AE8DA}.Debug|Any CPU.Build.0 = Debug|Any CPU
		{236FAB93-9EEF-4719-AFA0-38E0321AE8DA}.Release|Any CPU.ActiveCfg = Release|Any CPU
		{236FAB93-9EEF-4719-AFA0-38E0321AE8DA}.Release|Any CPU.Build.0 = Release|Any CPU
		{3B73EBE4-3C4B-4895-ABBE-5EB9E05BEED7}.Debug|Any CPU.ActiveCfg = Debug|Any CPU
		{3B73EBE4-3C4B-4895-ABBE-5EB9E05BEED7}.Debug|Any CPU.Build.0 = Debug|Any CPU
		{3B73EBE4-3C4B-4895-ABBE-5EB9E05BEED7}.Release|Any CPU.ActiveCfg = Release|Any CPU
		{3B73EBE4-3C4B-4895-ABBE-5EB9E05BEED7}.Release|Any CPU.Build.0 = Release|Any CPU
	EndGlobalSection
	GlobalSection(SolutionProperties) = preSolution
		HideSolutionNode = FALSE
	EndGlobalSection
	GlobalSection(ExtensibilityGlobals) = postSolution
		SolutionGuid = {74FEDF62-52E2-43D3-817A-F3BBF2F8D6B4}
	EndGlobalSection
EndGlobal
